
Microsoft Visual Studio Solution File, Format Version 12.00
# Visual Studio Version 16
VisualStudioVersion = 16.0.31205.134
MinimumVisualStudioVersion = 10.0.40219.1
Project("{8BC9CEB8-8B4A-11D0-8D11-00A0C91BC942}") = "자료구조", "자료구조\자료구조.vcxproj", "{936A1317-81FF-403E-8482-9CCD36BBB1A4}"
EndProject
Global
	GlobalSection(SolutionConfigurationPlatforms) = preSolution
		Debug|x64 = Debug|x64
		Debug|x86 = Debug|x86
		Release|x64 = Release|x64
		Release|x86 = Release|x86
	EndGlobalSection
	GlobalSection(ProjectConfigurationPlatforms) = postSolution
		{936A1317-81FF-403E-8482-9CCD36BBB1A4}.Debug|x64.ActiveCfg = Debug|x64
		{936A1317-81FF-403E-8482-9CCD36BBB1A4}.Debug|x64.Build.0 = Debug|x64
		{936A1317-81FF-403E-8482-9CCD36BBB1A4}.Debug|x86.ActiveCfg = Debug|Win32
		{936A1317-81FF-403E-8482-9CCD36BBB1A4}.Debug|x86.Build.0 = Debug|Win32
		{936A1317-81FF-403E-8482-9CCD36BBB1A4}.Release|x64.ActiveCfg = Release|x64
		{936A1317-81FF-403E-8482-9CCD36BBB1A4}.Release|x64.Build.0 = Release|x64
		{936A1317-81FF-403E-8482-9CCD36BBB1A4}.Release|x86.ActiveCfg = Release|Win32
		{936A1317-81FF-403E-8482-9CCD36BBB1A4}.Release|x86.Build.0 = Release|Win32
	EndGlobalSection
	GlobalSection(SolutionProperties) = preSolution
		HideSolutionNode = FALSE
	EndGlobalSection
	GlobalSection(ExtensibilityGlobals) = postSolution
		SolutionGuid = {7919D1B2-BA61-443F-80DD-6062176C2271}
	EndGlobalSection
EndGlobal
